
Microsoft Visual Studio Solution File, Format Version 12.00
# Visual Studio Version 17
VisualStudioVersion = 17.12.35527.113
MinimumVisualStudioVersion = 10.0.40219.1
Project("{2150E333-8FDC-42A3-9474-1A3956D46DE8}") = "Src", "Src", "{FA6732C7-1E96-49A8-B12C-089A5EDEA267}"
EndProject
Project("{2150E333-8FDC-42A3-9474-1A3956D46DE8}") = "01.Domain", "01.Domain", "{DB59AA3C-2D63-47BA-A14E-756C7628782D}"
EndProject
Project("{2150E333-8FDC-42A3-9474-1A3956D46DE8}") = "02.Infrastructure", "02.Infrastructure", "{B55B92CD-5107-4422-B8A0-092B6A9E9FBA}"
EndProject
Project("{2150E333-8FDC-42A3-9474-1A3956D46DE8}") = "03.EndPoint", "03.EndPoint", "{B3CADA5A-F8D6-4F3C-913A-27B1A0139B21}"
EndProject
Project("{2150E333-8FDC-42A3-9474-1A3956D46DE8}") = "Core", "Core", "{4A477823-74BF-430D-B7F6-D51E08EDBDA9}"
EndProject
Project("{2150E333-8FDC-42A3-9474-1A3956D46DE8}") = "Services", "Services", "{B943FDC8-15C8-4A20-A737-97CE4C71C16A}"
EndProject
Project("{2150E333-8FDC-42A3-9474-1A3956D46DE8}") = "DataAccess", "DataAccess", "{14FBD198-5BFB-4D02-BA48-D3A1B552666D}"
EndProject
Project("{2150E333-8FDC-42A3-9474-1A3956D46DE8}") = "DB", "DB", "{F3C2C9D4-BC85-416E-8337-A8A504F5370E}"
EndProject
Project("{FAE04EC0-301F-11D3-BF4B-00C04F79EFBC}") = "EndPoint", "EndPoint\EndPoint.csproj", "{BBFFD0C5-6652-430B-A0F1-3A55F336C63F}"
EndProject
Project("{FAE04EC0-301F-11D3-BF4B-00C04F79EFBC}") = "Domain.Core", "Domain.Core\Domain.Core.csproj", "{E612BE48-1AC1-4643-984E-B3C912D8CD38}"
EndProject
Project("{FAE04EC0-301F-11D3-BF4B-00C04F79EFBC}") = "Infra.DataBase", "Infra.DataBase\Infra.DataBase.csproj", "{D1B75EB8-E3CC-4E07-A893-A48926F82C89}"
EndProject
Project("{FAE04EC0-301F-11D3-BF4B-00C04F79EFBC}") = "Infra.repo", "Infra.repo\Infra.repo.csproj", "{1A274D00-F804-45CD-B9E0-07AB76B1D262}"
EndProject
Project("{FAE04EC0-301F-11D3-BF4B-00C04F79EFBC}") = "AppService", "AppService\AppService.csproj", "{B9E84EB0-DF81-41D7-9D1C-D28391FEC4C6}"
EndProject
Project("{FAE04EC0-301F-11D3-BF4B-00C04F79EFBC}") = "Service", "Service\Service.csproj", "{C29BDCCA-DB8B-49E8-9272-E550A5D629BE}"
EndProject
Project("{FAE04EC0-301F-11D3-BF4B-00C04F79EFBC}") = "MayneFaani.API", "MayneFaani.API\MayneFaani.API.csproj", "{73068D2F-D0B6-4BAC-B8D1-12453DBBED56}"
EndProject
Global
	GlobalSection(SolutionConfigurationPlatforms) = preSolution
		Debug|Any CPU = Debug|Any CPU
		Release|Any CPU = Release|Any CPU
	EndGlobalSection
	GlobalSection(ProjectConfigurationPlatforms) = postSolution
		{BBFFD0C5-6652-430B-A0F1-3A55F336C63F}.Debug|Any CPU.ActiveCfg = Debug|Any CPU
		{BBFFD0C5-6652-430B-A0F1-3A55F336C63F}.Debug|Any CPU.Build.0 = Debug|Any CPU
		{BBFFD0C5-6652-430B-A0F1-3A55F336C63F}.Release|Any CPU.ActiveCfg = Release|Any CPU
		{BBFFD0C5-6652-430B-A0F1-3A55F336C63F}.Release|Any CPU.Build.0 = Release|Any CPU
		{E612BE48-1AC1-4643-984E-B3C912D8CD38}.Debug|Any CPU.ActiveCfg = Debug|Any CPU
		{E612BE48-1AC1-4643-984E-B3C912D8CD38}.Debug|Any CPU.Build.0 = Debug|Any CPU
		{E612BE48-1AC1-4643-984E-B3C912D8CD38}.Release|Any CPU.ActiveCfg = Release|Any CPU
		{E612BE48-1AC1-4643-984E-B3C912D8CD38}.Release|Any CPU.Build.0 = Release|Any CPU
		{D1B75EB8-E3CC-4E07-A893-A48926F82C89}.Debug|Any CPU.ActiveCfg = Debug|Any CPU
		{D1B75EB8-E3CC-4E07-A893-A48926F82C89}.Debug|Any CPU.Build.0 = Debug|Any CPU
		{D1B75EB8-E3CC-4E07-A893-A48926F82C89}.Release|Any CPU.ActiveCfg = Release|Any CPU
		{D1B75EB8-E3CC-4E07-A893-A48926F82C89}.Release|Any CPU.Build.0 = Release|Any CPU
		{1A274D00-F804-45CD-B9E0-07AB76B1D262}.Debug|Any CPU.ActiveCfg = Debug|Any CPU
		{1A274D00-F804-45CD-B9E0-07AB76B1D262}.Debug|Any CPU.Build.0 = Debug|Any CPU
		{1A274D00-F804-45CD-B9E0-07AB76B1D262}.Release|Any CPU.ActiveCfg = Release|Any CPU
		{1A274D00-F804-45CD-B9E0-07AB76B1D262}.Release|Any CPU.Build.0 = Release|Any CPU
		{B9E84EB0-DF81-41D7-9D1C-D28391FEC4C6}.Debug|Any CPU.ActiveCfg = Debug|Any CPU
		{B9E84EB0-DF81-41D7-9D1C-D28391FEC4C6}.Debug|Any CPU.Build.0 = Debug|Any CPU
		{B9E84EB0-DF81-41D7-9D1C-D28391FEC4C6}.Release|Any CPU.ActiveCfg = Release|Any CPU
		{B9E84EB0-DF81-41D7-9D1C-D28391FEC4C6}.Release|Any CPU.Build.0 = Release|Any CPU
		{C29BDCCA-DB8B-49E8-9272-E550A5D629BE}.Debug|Any CPU.ActiveCfg = Debug|Any CPU
		{C29BDCCA-DB8B-49E8-9272-E550A5D629BE}.Debug|Any CPU.Build.0 = Debug|Any CPU
		{C29BDCCA-DB8B-49E8-9272-E550A5D629BE}.Release|Any CPU.ActiveCfg = Release|Any CPU
		{C29BDCCA-DB8B-49E8-9272-E550A5D629BE}.Release|Any CPU.Build.0 = Release|Any CPU
		{73068D2F-D0B6-4BAC-B8D1-12453DBBED56}.Debug|Any CPU.ActiveCfg = Debug|Any CPU
		{73068D2F-D0B6-4BAC-B8D1-12453DBBED56}.Debug|Any CPU.Build.0 = Debug|Any CPU
		{73068D2F-D0B6-4BAC-B8D1-12453DBBED56}.Release|Any CPU.ActiveCfg = Release|Any CPU
		{73068D2F-D0B6-4BAC-B8D1-12453DBBED56}.Release|Any CPU.Build.0 = Release|Any CPU
	EndGlobalSection
	GlobalSection(SolutionProperties) = preSolution
		HideSolutionNode = FALSE
	EndGlobalSection
	GlobalSection(NestedProjects) = preSolution
		{DB59AA3C-2D63-47BA-A14E-756C7628782D} = {FA6732C7-1E96-49A8-B12C-089A5EDEA267}
		{B55B92CD-5107-4422-B8A0-092B6A9E9FBA} = {FA6732C7-1E96-49A8-B12C-089A5EDEA267}
		{B3CADA5A-F8D6-4F3C-913A-27B1A0139B21} = {FA6732C7-1E96-49A8-B12C-089A5EDEA267}
		{4A477823-74BF-430D-B7F6-D51E08EDBDA9} = {DB59AA3C-2D63-47BA-A14E-756C7628782D}
		{B943FDC8-15C8-4A20-A737-97CE4C71C16A} = {DB59AA3C-2D63-47BA-A14E-756C7628782D}
		{14FBD198-5BFB-4D02-BA48-D3A1B552666D} = {B55B92CD-5107-4422-B8A0-092B6A9E9FBA}
		{F3C2C9D4-BC85-416E-8337-A8A504F5370E} = {B55B92CD-5107-4422-B8A0-092B6A9E9FBA}
		{BBFFD0C5-6652-430B-A0F1-3A55F336C63F} = {B3CADA5A-F8D6-4F3C-913A-27B1A0139B21}
		{E612BE48-1AC1-4643-984E-B3C912D8CD38} = {4A477823-74BF-430D-B7F6-D51E08EDBDA9}
		{D1B75EB8-E3CC-4E07-A893-A48926F82C89} = {F3C2C9D4-BC85-416E-8337-A8A504F5370E}
		{1A274D00-F804-45CD-B9E0-07AB76B1D262} = {14FBD198-5BFB-4D02-BA48-D3A1B552666D}
		{B9E84EB0-DF81-41D7-9D1C-D28391FEC4C6} = {B943FDC8-15C8-4A20-A737-97CE4C71C16A}
		{C29BDCCA-DB8B-49E8-9272-E550A5D629BE} = {B943FDC8-15C8-4A20-A737-97CE4C71C16A}
		{73068D2F-D0B6-4BAC-B8D1-12453DBBED56} = {B3CADA5A-F8D6-4F3C-913A-27B1A0139B21}
	EndGlobalSection
EndGlobal
